
Microsoft Visual Studio Solution File, Format Version 12.00
# Visual Studio Version 16
VisualStudioVersion = 16.0.32126.315
MinimumVisualStudioVersion = 10.0.40219.1
Project("{FAE04EC0-301F-11D3-BF4B-00C04F79EFBC}") = "Products", "Products\Products.csproj", "{BE9D4AE8-3958-402E-AA4B-419334BF6A48}"
EndProject
Project("{FAE04EC0-301F-11D3-BF4B-00C04F79EFBC}") = "Customers", "Customers\Customers.csproj", "{A4C9881D-CDE9-4688-B268-40149005D1B9}"
EndProject
Project("{FAE04EC0-301F-11D3-BF4B-00C04F79EFBC}") = "Orders", "Orders\Orders.csproj", "{1374A2C1-5CC4-448E-B25B-B1219775B2CE}"
EndProject
Project("{FAE04EC0-301F-11D3-BF4B-00C04F79EFBC}") = "Search", "Search\Search.csproj", "{FF284A73-63D4-4EA2-923D-3DF37987C30E}"
EndProject
Global
	GlobalSection(SolutionConfigurationPlatforms) = preSolution
		Debug|Any CPU = Debug|Any CPU
		Release|Any CPU = Release|Any CPU
	EndGlobalSection
	GlobalSection(ProjectConfigurationPlatforms) = postSolution
		{BE9D4AE8-3958-402E-AA4B-419334BF6A48}.Debug|Any CPU.ActiveCfg = Debug|Any CPU
		{BE9D4AE8-3958-402E-AA4B-419334BF6A48}.Debug|Any CPU.Build.0 = Debug|Any CPU
		{BE9D4AE8-3958-402E-AA4B-419334BF6A48}.Release|Any CPU.ActiveCfg = Release|Any CPU
		{BE9D4AE8-3958-402E-AA4B-419334BF6A48}.Release|Any CPU.Build.0 = Release|Any CPU
		{A4C9881D-CDE9-4688-B268-40149005D1B9}.Debug|Any CPU.ActiveCfg = Debug|Any CPU
		{A4C9881D-CDE9-4688-B268-40149005D1B9}.Debug|Any CPU.Build.0 = Debug|Any CPU
		{A4C9881D-CDE9-4688-B268-40149005D1B9}.Release|Any CPU.ActiveCfg = Release|Any CPU
		{A4C9881D-CDE9-4688-B268-40149005D1B9}.Release|Any CPU.Build.0 = Release|Any CPU
		{1374A2C1-5CC4-448E-B25B-B1219775B2CE}.Debug|Any CPU.ActiveCfg = Debug|Any CPU
		{1374A2C1-5CC4-448E-B25B-B1219775B2CE}.Debug|Any CPU.Build.0 = Debug|Any CPU
		{1374A2C1-5CC4-448E-B25B-B1219775B2CE}.Release|Any CPU.ActiveCfg = Release|Any CPU
		{1374A2C1-5CC4-448E-B25B-B1219775B2CE}.Release|Any CPU.Build.0 = Release|Any CPU
		{FF284A73-63D4-4EA2-923D-3DF37987C30E}.Debug|Any CPU.ActiveCfg = Debug|Any CPU
		{FF284A73-63D4-4EA2-923D-3DF37987C30E}.Debug|Any CPU.Build.0 = Debug|Any CPU
		{FF284A73-63D4-4EA2-923D-3DF37987C30E}.Release|Any CPU.ActiveCfg = Release|Any CPU
		{FF284A73-63D4-4EA2-923D-3DF37987C30E}.Release|Any CPU.Build.0 = Release|Any CPU
	EndGlobalSection
	GlobalSection(SolutionProperties) = preSolution
		HideSolutionNode = FALSE
	EndGlobalSection
	GlobalSection(ExtensibilityGlobals) = postSolution
		SolutionGuid = {8FFAD2A1-2EC1-477C-865A-917C9146D456}
	EndGlobalSection
EndGlobal
